{
  "name": "reddit-notifier",
  "version": "1.0.0",
  "lockfileVersion": 1,
  "requires": true,
  "dependencies": {
    "dotenv": {
      "version": "7.0.0",
      "resolved": "https://registry.npmjs.org/dotenv/-/dotenv-7.0.0.tgz",
      "integrity": "sha512-M3NhsLbV1i6HuGzBUH8vXrtxOk+tWmzWKDMbAVSUp3Zsjm7ywFeuwrUXhmhQyRK1q5B5GGy7hcXPbj3bnfZg2g=="
    },
    "entities": {
      "version": "1.1.2",
      "resolved": "https://registry.npmjs.org/entities/-/entities-1.1.2.tgz",
      "integrity": "sha512-f2LZMYl1Fzu7YSBKg+RoROelpOaNrcGmE9AZubeDfrCEia483oW4MI4VyFd5VNHIgQ/7qm1I0wUHK1eJnn2y2w=="
    },
    "node-cron": {
      "version": "2.0.3",
      "resolved": "https://registry.npmjs.org/node-cron/-/node-cron-2.0.3.tgz",
      "integrity": "sha512-eJI+QitXlwcgiZwNNSRbqsjeZMp5shyajMR81RZCqeW0ZDEj4zU9tpd4nTh/1JsBiKbF8d08FCewiipDmVIYjg==",
      "requires": {
        "opencollective-postinstall": "^2.0.0",
        "tz-offset": "0.0.1"
      }
    },
    "nodemailer-promise": {
      "version": "2.0.0",
      "resolved": "https://registry.npmjs.org/nodemailer-promise/-/nodemailer-promise-2.0.0.tgz",
      "integrity": "sha1-IFf3vqx6W7r9oE3OZhNK0zJwWqo=",
      "requires": {
        "nodemailer": "^4.0.1"
      },
      "dependencies": {
        "nodemailer": {
          "version": "4.7.0",
          "resolved": "https://registry.npmjs.org/nodemailer/-/nodemailer-4.7.0.tgz",
          "integrity": "sha512-IludxDypFpYw4xpzKdMAozBSkzKHmNBvGanUREjJItgJ2NYcK/s8+PggVhj7c2yGFQykKsnnmv1+Aqo0ZfjHmw=="
        }
      }
    },
    "opencollective-postinstall": {
      "version": "2.0.2",
      "resolved": "https://registry.npmjs.org/opencollective-postinstall/-/opencollective-postinstall-2.0.2.tgz",
      "integrity": "sha512-pVOEP16TrAO2/fjej1IdOyupJY8KDUM1CvsaScRbw6oddvpQoOfGk4ywha0HKKVAD6RkW4x6Q+tNBwhf3Bgpuw=="
    },
    "rss-parser": {
      "version": "3.7.0",
      "resolved": "https://registry.npmjs.org/rss-parser/-/rss-parser-3.7.0.tgz",
      "integrity": "sha512-xN1fwjVxBO0unbrUAOIUK5MAyEaaZTpKWnPY+d3QYigIG4awtbdqxHPOLuOwsTIJFsaKC78nPxIGRJG92p86Hw==",
      "requires": {
        "entities": "^1.1.1",
        "xml2js": "^0.4.19"
      }
    },
    "sax": {
      "version": "1.2.4",
      "resolved": "https://registry.npmjs.org/sax/-/sax-1.2.4.tgz",
      "integrity": "sha512-NqVDv9TpANUjFm0N8uM5GxL36UgKi9/atZw+x7YFnQ8ckwFGKrl4xX4yWtrey3UJm5nP1kUbnYgLopqWNSRhWw=="
    },
    "tz-offset": {
      "version": "0.0.1",
      "resolved": "https://registry.npmjs.org/tz-offset/-/tz-offset-0.0.1.tgz",
      "integrity": "sha512-kMBmblijHJXyOpKzgDhKx9INYU4u4E1RPMB0HqmKSgWG8vEcf3exEfLh4FFfzd3xdQOw9EuIy/cP0akY6rHopQ=="
    },
    "xml2js": {
      "version": "0.4.19",
      "resolved": "https://registry.npmjs.org/xml2js/-/xml2js-0.4.19.tgz",
      "integrity": "sha512-esZnJZJOiJR9wWKMyuvSE1y6Dq5LCuJanqhxslH2bxM6duahNZ+HMpCLhBQGZkbX6xRf8x1Y2eJlgt2q3qo49Q==",
      "requires": {
        "sax": ">=0.6.0",
        "xmlbuilder": "~9.0.1"
      }
    },
    "xmlbuilder": {
      "version": "9.0.7",
      "resolved": "https://registry.npmjs.org/xmlbuilder/-/xmlbuilder-9.0.7.tgz",
      "integrity": "sha1-Ey7mPS7FVlxVfiD0wi35rKaGsQ0="
    }
  }
}
